
Microsoft Visual Studio Solution File, Format Version 12.00
# Visual Studio Version 16
VisualStudioVersion = 16.0.31005.135
MinimumVisualStudioVersion = 10.0.40219.1
Project("{9A19103F-16F7-4668-BE54-9A1E7A4F7556}") = "Entities", "Entities\Entities.csproj", "{44C81F5B-CF9A-444F-9F10-95D59A39EC9C}"
EndProject
Project("{9A19103F-16F7-4668-BE54-9A1E7A4F7556}") = "DataAccess", "DataAccess\DataAccess.csproj", "{1C4DCD8A-0304-47D7-9ED6-B5754A767A30}"
EndProject
Project("{9A19103F-16F7-4668-BE54-9A1E7A4F7556}") = "Business", "Business\Business.csproj", "{537E9754-60B1-4A27-AA6B-FFCC4DBF8691}"
EndProject
Project("{9A19103F-16F7-4668-BE54-9A1E7A4F7556}") = "Core", "Core\Core.csproj", "{FC243402-F51D-488C-B8F0-3FC95F84890B}"
EndProject
Project("{FAE04EC0-301F-11D3-BF4B-00C04F79EFBC}") = "Console4", "Console4\Console4.csproj", "{B9C1287A-4379-4FFC-86AA-162E8E1DF294}"
EndProject
Global
	GlobalSection(SolutionConfigurationPlatforms) = preSolution
		Debug|Any CPU = Debug|Any CPU
		Release|Any CPU = Release|Any CPU
	EndGlobalSection
	GlobalSection(ProjectConfigurationPlatforms) = postSolution
		{44C81F5B-CF9A-444F-9F10-95D59A39EC9C}.Debug|Any CPU.ActiveCfg = Debug|Any CPU
		{44C81F5B-CF9A-444F-9F10-95D59A39EC9C}.Debug|Any CPU.Build.0 = Debug|Any CPU
		{44C81F5B-CF9A-444F-9F10-95D59A39EC9C}.Release|Any CPU.ActiveCfg = Release|Any CPU
		{44C81F5B-CF9A-444F-9F10-95D59A39EC9C}.Release|Any CPU.Build.0 = Release|Any CPU
		{1C4DCD8A-0304-47D7-9ED6-B5754A767A30}.Debug|Any CPU.ActiveCfg = Debug|Any CPU
		{1C4DCD8A-0304-47D7-9ED6-B5754A767A30}.Debug|Any CPU.Build.0 = Debug|Any CPU
		{1C4DCD8A-0304-47D7-9ED6-B5754A767A30}.Release|Any CPU.ActiveCfg = Release|Any CPU
		{1C4DCD8A-0304-47D7-9ED6-B5754A767A30}.Release|Any CPU.Build.0 = Release|Any CPU
		{537E9754-60B1-4A27-AA6B-FFCC4DBF8691}.Debug|Any CPU.ActiveCfg = Debug|Any CPU
		{537E9754-60B1-4A27-AA6B-FFCC4DBF8691}.Debug|Any CPU.Build.0 = Debug|Any CPU
		{537E9754-60B1-4A27-AA6B-FFCC4DBF8691}.Release|Any CPU.ActiveCfg = Release|Any CPU
		{537E9754-60B1-4A27-AA6B-FFCC4DBF8691}.Release|Any CPU.Build.0 = Release|Any CPU
		{FC243402-F51D-488C-B8F0-3FC95F84890B}.Debug|Any CPU.ActiveCfg = Debug|Any CPU
		{FC243402-F51D-488C-B8F0-3FC95F84890B}.Debug|Any CPU.Build.0 = Debug|Any CPU
		{FC243402-F51D-488C-B8F0-3FC95F84890B}.Release|Any CPU.ActiveCfg = Release|Any CPU
		{FC243402-F51D-488C-B8F0-3FC95F84890B}.Release|Any CPU.Build.0 = Release|Any CPU
		{B9C1287A-4379-4FFC-86AA-162E8E1DF294}.Debug|Any CPU.ActiveCfg = Debug|Any CPU
		{B9C1287A-4379-4FFC-86AA-162E8E1DF294}.Debug|Any CPU.Build.0 = Debug|Any CPU
		{B9C1287A-4379-4FFC-86AA-162E8E1DF294}.Release|Any CPU.ActiveCfg = Release|Any CPU
		{B9C1287A-4379-4FFC-86AA-162E8E1DF294}.Release|Any CPU.Build.0 = Release|Any CPU
	EndGlobalSection
	GlobalSection(SolutionProperties) = preSolution
		HideSolutionNode = FALSE
	EndGlobalSection
	GlobalSection(ExtensibilityGlobals) = postSolution
		SolutionGuid = {80C88D11-1B1E-4C7C-85A6-985F95845E59}
	EndGlobalSection
EndGlobal
